
Microsoft Visual Studio Solution File, Format Version 12.00
# Visual Studio Version 17
VisualStudioVersion = 17.5.33530.505
MinimumVisualStudioVersion = 10.0.40219.1
Project("{FAE04EC0-301F-11D3-BF4B-00C04F79EFBC}") = "MergeArchive", "MergeArchive.csproj", "{7FC69D2F-875C-4CA5-9832-710FFBACFD4B}"
EndProject
Global
	GlobalSection(SolutionConfigurationPlatforms) = preSolution
		Debug|Any CPU = Debug|Any CPU
		Release|Any CPU = Release|Any CPU
	EndGlobalSection
	GlobalSection(ProjectConfigurationPlatforms) = postSolution
		{7FC69D2F-875C-4CA5-9832-710FFBACFD4B}.Debug|Any CPU.ActiveCfg = Debug|Any CPU
		{7FC69D2F-875C-4CA5-9832-710FFBACFD4B}.Debug|Any CPU.Build.0 = Debug|Any CPU
		{7FC69D2F-875C-4CA5-9832-710FFBACFD4B}.Release|Any CPU.ActiveCfg = Release|Any CPU
		{7FC69D2F-875C-4CA5-9832-710FFBACFD4B}.Release|Any CPU.Build.0 = Release|Any CPU
	EndGlobalSection
	GlobalSection(SolutionProperties) = preSolution
		HideSolutionNode = FALSE
	EndGlobalSection
	GlobalSection(ExtensibilityGlobals) = postSolution
		SolutionGuid = {676E7B85-7197-4C93-AE1A-45AED347A2E8}
	EndGlobalSection
EndGlobal
